
Microsoft Visual Studio Solution File, Format Version 12.00
# Visual Studio Version 16
VisualStudioVersion = 16.0.31729.503
MinimumVisualStudioVersion = 10.0.40219.1
Project("{9A19103F-16F7-4668-BE54-9A1E7A4F7556}") = "TDL.Game", "TDL.Game\TDL.Game.csproj", "{35FD232A-5A92-44DA-8B43-0955A385F4FB}"
	ProjectSection(ProjectDependencies) = postProject
		{DAA7DD11-FE77-4515-9F86-F3DCE4AD55A3} = {DAA7DD11-FE77-4515-9F86-F3DCE4AD55A3}
	EndProjectSection
EndProject
Project("{9A19103F-16F7-4668-BE54-9A1E7A4F7556}") = "TDL.Game.Resources", "TDL.Game.Resources\TDL.Game.Resources.csproj", "{DAA7DD11-FE77-4515-9F86-F3DCE4AD55A3}"
EndProject
Project("{9A19103F-16F7-4668-BE54-9A1E7A4F7556}") = "TDL.Desktop", "TDL.Desktop\TDL.Desktop.csproj", "{507F0B62-7566-428F-BBBF-AB6AD3CD9B66}"
	ProjectSection(ProjectDependencies) = postProject
		{DAA7DD11-FE77-4515-9F86-F3DCE4AD55A3} = {DAA7DD11-FE77-4515-9F86-F3DCE4AD55A3}
	EndProjectSection
EndProject
Project("{9A19103F-16F7-4668-BE54-9A1E7A4F7556}") = "TDL.Game.Tests", "TDL.Game.Tests\TDL.Game.Tests.csproj", "{1FFBE6A5-7712-426B-BE8C-A19E573C426B}"
EndProject
Global
	GlobalSection(SolutionConfigurationPlatforms) = preSolution
		Debug|Any CPU = Debug|Any CPU
		Release|Any CPU = Release|Any CPU
	EndGlobalSection
	GlobalSection(ProjectConfigurationPlatforms) = postSolution
		{35FD232A-5A92-44DA-8B43-0955A385F4FB}.Debug|Any CPU.ActiveCfg = Debug|Any CPU
		{35FD232A-5A92-44DA-8B43-0955A385F4FB}.Debug|Any CPU.Build.0 = Debug|Any CPU
		{35FD232A-5A92-44DA-8B43-0955A385F4FB}.Release|Any CPU.ActiveCfg = Release|Any CPU
		{35FD232A-5A92-44DA-8B43-0955A385F4FB}.Release|Any CPU.Build.0 = Release|Any CPU
		{DAA7DD11-FE77-4515-9F86-F3DCE4AD55A3}.Debug|Any CPU.ActiveCfg = Debug|Any CPU
		{DAA7DD11-FE77-4515-9F86-F3DCE4AD55A3}.Debug|Any CPU.Build.0 = Debug|Any CPU
		{DAA7DD11-FE77-4515-9F86-F3DCE4AD55A3}.Release|Any CPU.ActiveCfg = Release|Any CPU
		{DAA7DD11-FE77-4515-9F86-F3DCE4AD55A3}.Release|Any CPU.Build.0 = Release|Any CPU
		{507F0B62-7566-428F-BBBF-AB6AD3CD9B66}.Debug|Any CPU.ActiveCfg = Debug|Any CPU
		{507F0B62-7566-428F-BBBF-AB6AD3CD9B66}.Debug|Any CPU.Build.0 = Debug|Any CPU
		{507F0B62-7566-428F-BBBF-AB6AD3CD9B66}.Release|Any CPU.ActiveCfg = Release|Any CPU
		{507F0B62-7566-428F-BBBF-AB6AD3CD9B66}.Release|Any CPU.Build.0 = Release|Any CPU
		{1FFBE6A5-7712-426B-BE8C-A19E573C426B}.Debug|Any CPU.ActiveCfg = Debug|Any CPU
		{1FFBE6A5-7712-426B-BE8C-A19E573C426B}.Debug|Any CPU.Build.0 = Debug|Any CPU
		{1FFBE6A5-7712-426B-BE8C-A19E573C426B}.Release|Any CPU.ActiveCfg = Release|Any CPU
		{1FFBE6A5-7712-426B-BE8C-A19E573C426B}.Release|Any CPU.Build.0 = Release|Any CPU
	EndGlobalSection
	GlobalSection(SolutionProperties) = preSolution
		HideSolutionNode = FALSE
	EndGlobalSection
	GlobalSection(ExtensibilityGlobals) = postSolution
		SolutionGuid = {7C912C9C-48B1-4E4C-ACE7-D0E4A6D77143}
	EndGlobalSection
EndGlobal
